
Microsoft Visual Studio Solution File, Format Version 12.00
# Visual Studio Version 16
VisualStudioVersion = 16.0.32630.194
MinimumVisualStudioVersion = 10.0.40219.1
Project("{9A19103F-16F7-4668-BE54-9A1E7A4F7556}") = "Open World Server", "Open World Server\Open World Server.csproj", "{26E85368-8466-44DE-B53C-5BC1AF834E3A}"
EndProject
Global
	GlobalSection(SolutionConfigurationPlatforms) = preSolution
		Debug|Any CPU = Debug|Any CPU
		Debug|ARM32 = Debug|ARM32
		Debug|ARM64 = Debug|ARM64
		Debug|LinuxX32 = Debug|LinuxX32
		Debug|LinuxX64 = Debug|LinuxX64
		Release|Any CPU = Release|Any CPU
		Release|ARM32 = Release|ARM32
		Release|ARM64 = Release|ARM64
		Release|LinuxX32 = Release|LinuxX32
		Release|LinuxX64 = Release|LinuxX64
	EndGlobalSection
	GlobalSection(ProjectConfigurationPlatforms) = postSolution
		{26E85368-8466-44DE-B53C-5BC1AF834E3A}.Debug|Any CPU.ActiveCfg = Debug|Any CPU
		{26E85368-8466-44DE-B53C-5BC1AF834E3A}.Debug|Any CPU.Build.0 = Debug|Any CPU
		{26E85368-8466-44DE-B53C-5BC1AF834E3A}.Debug|ARM32.ActiveCfg = Debug|ARM32
		{26E85368-8466-44DE-B53C-5BC1AF834E3A}.Debug|ARM32.Build.0 = Debug|ARM32
		{26E85368-8466-44DE-B53C-5BC1AF834E3A}.Debug|ARM64.ActiveCfg = Debug|ARM64
		{26E85368-8466-44DE-B53C-5BC1AF834E3A}.Debug|ARM64.Build.0 = Debug|ARM64
		{26E85368-8466-44DE-B53C-5BC1AF834E3A}.Debug|LinuxX32.ActiveCfg = Debug|Any CPU
		{26E85368-8466-44DE-B53C-5BC1AF834E3A}.Debug|LinuxX32.Build.0 = Debug|Any CPU
		{26E85368-8466-44DE-B53C-5BC1AF834E3A}.Debug|LinuxX64.ActiveCfg = Debug|Any CPU
		{26E85368-8466-44DE-B53C-5BC1AF834E3A}.Debug|LinuxX64.Build.0 = Debug|Any CPU
		{26E85368-8466-44DE-B53C-5BC1AF834E3A}.Release|Any CPU.ActiveCfg = Release|Any CPU
		{26E85368-8466-44DE-B53C-5BC1AF834E3A}.Release|Any CPU.Build.0 = Release|Any CPU
		{26E85368-8466-44DE-B53C-5BC1AF834E3A}.Release|ARM32.ActiveCfg = Release|ARM32
		{26E85368-8466-44DE-B53C-5BC1AF834E3A}.Release|ARM32.Build.0 = Release|ARM32
		{26E85368-8466-44DE-B53C-5BC1AF834E3A}.Release|ARM64.ActiveCfg = Release|ARM64
		{26E85368-8466-44DE-B53C-5BC1AF834E3A}.Release|ARM64.Build.0 = Release|ARM64
		{26E85368-8466-44DE-B53C-5BC1AF834E3A}.Release|LinuxX32.ActiveCfg = Release|Any CPU
		{26E85368-8466-44DE-B53C-5BC1AF834E3A}.Release|LinuxX32.Build.0 = Release|Any CPU
		{26E85368-8466-44DE-B53C-5BC1AF834E3A}.Release|LinuxX64.ActiveCfg = Release|Any CPU
		{26E85368-8466-44DE-B53C-5BC1AF834E3A}.Release|LinuxX64.Build.0 = Release|Any CPU
	EndGlobalSection
	GlobalSection(SolutionProperties) = preSolution
		HideSolutionNode = FALSE
	EndGlobalSection
	GlobalSection(ExtensibilityGlobals) = postSolution
		SolutionGuid = {14AA27A7-85B2-4619-AED1-482EE8DB424B}
	EndGlobalSection
EndGlobal
